# THIS IS AN AUTOGENERATED FILE. DO NOT EDIT THIS FILE DIRECTLY.
# yarn lockfile v1


bluebird@^2.9.34:
  version "2.11.0"
  resolved "http://registry.npmjs.org/bluebird/-/bluebird-2.11.0.tgz#534b9033c022c9579c56ba3b3e5a5caafbb650e1"

lodash@^3.10.1:
  version "3.10.1"
  resolved "http://registry.npmjs.org/lodash/-/lodash-3.10.1.tgz#5bf45e8e49ba4189e17d482789dfd15bd140b7b6"

minimist@^1.2.0:
  version "1.2.0"
  resolved "http://registry.npmjs.org/minimist/-/minimist-1.2.0.tgz#a35008b20f41383eec1fb914f4cd5df79a264284"

moment@^2.10.6:
  version "2.22.2"
  resolved "https://registry.npmjs.org/moment/-/moment-2.22.2.tgz#3c257f9839fc0e93ff53149632239eb90783ff66"

telnet-client@VPNht/node-telnet-client:
  version "0.1.0"
  resolved "https://codeload.github.com/VPNht/node-telnet-client/tar.gz/fd45812836728efef816749d5c4d19fbf9adc279"
